{
  "name": "trabalhofinal-fiaq",
  "version": "1.0.0",
  "lockfileVersion": 3,
  "requires": true,
  "packages": {
    "": {
      "name": "trabalhofinal-fiaq",
      "version": "1.0.0"
    },
    "fiaq-app": {
      "extraneous": true,
      "hasInstallScript": true,
      "dependencies": {
        "@iconify-json/lucide": "^1.2.102",
        "@iconify-json/simple-icons": "^1.2.78",
        "@nuxt/ui": "^4.6.1",
        "marked": "^18.0.4",
        "nuxt": "^4.4.2",
        "pdf-parse": "^2.4.5",
        "postgres": "^3.4.9",
        "sanitize-html": "^2.17.4",
        "tailwindcss": "^4.2.2",
        "unpdf": "^1.6.2"
      },
      "devDependencies": {
        "@nuxt/eslint": "^1.15.2",
        "@types/pdf-parse": "^1.1.5",
        "@types/sanitize-html": "^2.16.1",
        "eslint": "^10.2.0",
        "typescript": "^6.0.2",
        "vue-tsc": "^3.2.6"
      },
      "engines": {
        "node": ">=20.18.0"
      }
    }
  }
}
